<Solution>
  <Folder Name="/Solution Items/">
    <File Path=".editorconfig" />
    <File Path=".gitignore" />
  </Folder>
  <Project Path="Application/OrderService.Application.csproj" />
  <Project Path="OrderService.Domain/OrderService.Domain.csproj" />
  <Project Path="OrderService.Infrastructure/OrderService.Infrastructure.csproj" />
  <Project Path="OrderService/OrderService.API.csproj" />
</Solution>
